// !$*UTF8*$!
{
	archiveVersion = 1;
	classes = {
	};
	objectVersion = 55;
	objects = {

/* Begin PBXBuildFile section */
		8436A20D28964A1D00E0C2C9 /* View Controller extension.swift in Sources */ = {isa = PBXBuildFile; fileRef = 8436A20C28964A1D00E0C2C9 /* View Controller extension.swift */; };
		8436A20F28964A7500E0C2C9 /* String extension.swift in Sources */ = {isa = PBXBuildFile; fileRef = 8436A20E28964A7500E0C2C9 /* String extension.swift */; };
		8436A21128964AD100E0C2C9 /* String methods extension.swift in Sources */ = {isa = PBXBuildFile; fileRef = 8436A21028964AD100E0C2C9 /* String methods extension.swift */; };
		84E9052128951E85004AEA1F /* AppDelegate.swift in Sources */ = {isa = PBXBuildFile; fileRef = 84E9052028951E85004AEA1F /* AppDelegate.swift */; };
		84E9052328951E85004AEA1F /* SceneDelegate.swift in Sources */ = {isa = PBXBuildFile; fileRef = 84E9052228951E85004AEA1F /* SceneDelegate.swift */; };
		84E9052528951E85004AEA1F /* ViewController.swift in Sources */ = {isa = PBXBuildFile; fileRef = 84E9052428951E85004AEA1F /* ViewController.swift */; };
		84E9052828951E85004AEA1F /* Main.storyboard in Resources */ = {isa = PBXBuildFile; fileRef = 84E9052628951E85004AEA1F /* Main.storyboard */; };
		84E9052A28951E86004AEA1F /* Assets.xcassets in Resources */ = {isa = PBXBuildFile; fileRef = 84E9052928951E86004AEA1F /* Assets.xcassets */; };
		84E9052D28951E86004AEA1F /* LaunchScreen.storyboard in Resources */ = {isa = PBXBuildFile; fileRef = 84E9052B28951E86004AEA1F /* LaunchScreen.storyboard */; };
/* End PBXBuildFile section */

/* Begin PBXContainerItemProxy section */
		84E9053428951E86004AEA1F /* PBXContainerItemProxy */ = {
			isa = PBXContainerItemProxy;
			containerPortal = 84E9051528951E85004AEA1F /* Project object */;
			proxyType = 1;
			remoteGlobalIDString = 84E9051C28951E85004AEA1F;
			remoteInfo = "queue-HW";
		};
		84E9053E28951E86004AEA1F /* PBXContainerItemProxy */ = {
			isa = PBXContainerItemProxy;
			containerPortal = 84E9051528951E85004AEA1F /* Project object */;
			proxyType = 1;
			remoteGlobalIDString = 84E9051C28951E85004AEA1F;
			remoteInfo = "queue-HW";
		};
/* End PBXContainerItemProxy section */

/* Begin PBXFileReference section */
		8436A20C28964A1D00E0C2C9 /* View Controller extension.swift */ = {isa = PBXFileReference; lastKnownFileType = sourcecode.swift; path = "View Controller extension.swift"; sourceTree = "<group>"; };
		8436A20E28964A7500E0C2C9 /* String extension.swift */ = {isa = PBXFileReference; lastKnownFileType = sourcecode.swift; path = "String extension.swift"; sourceTree = "<group>"; };
		8436A21028964AD100E0C2C9 /* String methods extension.swift */ = {isa = PBXFileReference; lastKnownFileType = sourcecode.swift; path = "String methods extension.swift"; sourceTree = "<group>"; };
		84E9051D28951E85004AEA1F /* queue-HW.app */ = {isa = PBXFileReference; explicitFileType = wrapper.application; includeInIndex = 0; path = "queue-HW.app"; sourceTree = BUILT_PRODUCTS_DIR; };
		84E9052028951E85004AEA1F /* AppDelegate.swift */ = {isa = PBXFileReference; lastKnownFileType = sourcecode.swift; path = AppDelegate.swift; sourceTree = "<group>"; };
		84E9052228951E85004AEA1F /* SceneDelegate.swift */ = {isa = PBXFileReference; lastKnownFileType = sourcecode.swift; path = SceneDelegate.swift; sourceTree = "<group>"; };
		84E9052428951E85004AEA1F /* ViewController.swift */ = {isa = PBXFileReference; lastKnownFileType = sourcecode.swift; path = ViewController.swift; sourceTree = "<group>"; };
		84E9052728951E85004AEA1F /* Base */ = {isa = PBXFileReference; lastKnownFileType = file.storyboard; name = Base; path = Base.lproj/Main.storyboard; sourceTree = "<group>"; };
		84E9052928951E86004AEA1F /* Assets.xcassets */ = {isa = PBXFileReference; lastKnownFileType = folder.assetcatalog; path = Assets.xcassets; sourceTree = "<group>"; };
		84E9052C28951E86004AEA1F /* Base */ = {isa = PBXFileReference; lastKnownFileType = file.storyboard; name = Base; path = Base.lproj/LaunchScreen.storyboard; sourceTree = "<group>"; };
		84E9052E28951E86004AEA1F /* Info.plist */ = {isa = PBXFileReference; lastKnownFileType = text.plist.xml; path = Info.plist; sourceTree = "<group>"; };
		84E9053328951E86004AEA1F /* queue-HWTests.xctest */ = {isa = PBXFileReference; explicitFileType = wrapper.cfbundle; includeInIndex = 0; path = "queue-HWTests.xctest"; sourceTree = BUILT_PRODUCTS_DIR; };
		84E9053D28951E86004AEA1F /* queue-HWUITests.xctest */ = {isa = PBXFileReference; explicitFileType = wrapper.cfbundle; includeInIndex = 0; path = "queue-HWUITests.xctest"; sourceTree = BUILT_PRODUCTS_DIR; };
/* End PBXFileReference section */

/* Begin PBXFrameworksBuildPhase section */
		84E9051A28951E85004AEA1F /* Frameworks */ = {
			isa = PBXFrameworksBuildPhase;
			buildActionMask = 2147483647;
			files = (
			);
			runOnlyForDeploymentPostprocessing = 0;
		};
		84E9053028951E86004AEA1F /* Frameworks */ = {
			isa = PBXFrameworksBuildPhase;
			buildActionMask = 2147483647;
			files = (
			);
			runOnlyForDeploymentPostprocessing = 0;
		};
		84E9053A28951E86004AEA1F /* Frameworks */ = {
			isa = PBXFrameworksBuildPhase;
			buildActionMask = 2147483647;
			files = (
			);
			runOnlyForDeploymentPostprocessing = 0;
		};
/* End PBXFrameworksBuildPhase section */

/* Begin PBXGroup section */
		8436A2022896448800E0C2C9 /* Sources */ = {
			isa = PBXGroup;
			children = (
				8436A205289644F700E0C2C9 /* Scenes */,
				8436A204289644EF00E0C2C9 /* App */,
			);
			path = Sources;
			sourceTree = "<group>";
		};
		8436A203289644BE00E0C2C9 /* Resources */ = {
			isa = PBXGroup;
			children = (
				84E9052928951E86004AEA1F /* Assets.xcassets */,
				84E9052B28951E86004AEA1F /* LaunchScreen.storyboard */,
				84E9052E28951E86004AEA1F /* Info.plist */,
			);
			path = Resources;
			sourceTree = "<group>";
		};
		8436A204289644EF00E0C2C9 /* App */ = {
			isa = PBXGroup;
			children = (
				84E9052028951E85004AEA1F /* AppDelegate.swift */,
				84E9052228951E85004AEA1F /* SceneDelegate.swift */,
			);
			path = App;
			sourceTree = "<group>";
		};
		8436A205289644F700E0C2C9 /* Scenes */ = {
			isa = PBXGroup;
			children = (
				8436A213289654CF00E0C2C9 /* Storyboard */,
				8436A2082896458600E0C2C9 /* Model */,
				8436A2062896455400E0C2C9 /* Controller */,
			);
			path = Scenes;
			sourceTree = "<group>";
		};
		8436A2062896455400E0C2C9 /* Controller */ = {
			isa = PBXGroup;
			children = (
				84E9052428951E85004AEA1F /* ViewController.swift */,
				8436A20C28964A1D00E0C2C9 /* View Controller extension.swift */,
				8436A21028964AD100E0C2C9 /* String methods extension.swift */,
			);
			path = Controller;
			sourceTree = "<group>";
		};
		8436A2082896458600E0C2C9 /* Model */ = {
			isa = PBXGroup;
			children = (
				8436A20E28964A7500E0C2C9 /* String extension.swift */,
			);
			path = Model;
			sourceTree = "<group>";
		};
		8436A213289654CF00E0C2C9 /* Storyboard */ = {
			isa = PBXGroup;
			children = (
				84E9052628951E85004AEA1F /* Main.storyboard */,
			);
			path = Storyboard;
			sourceTree = "<group>";
		};
		84E9051428951E85004AEA1F = {
			isa = PBXGroup;
			children = (
				84E9051F28951E85004AEA1F /* queue-HW */,
				84E9051E28951E85004AEA1F /* Products */,
			);
			sourceTree = "<group>";
		};
		84E9051E28951E85004AEA1F /* Products */ = {
			isa = PBXGroup;
			children = (
				84E9051D28951E85004AEA1F /* queue-HW.app */,
				84E9053328951E86004AEA1F /* queue-HWTests.xctest */,
				84E9053D28951E86004AEA1F /* queue-HWUITests.xctest */,
			);
			name = Products;
			sourceTree = "<group>";
		};
		84E9051F28951E85004AEA1F /* queue-HW */ = {
			isa = PBXGroup;
			children = (
				8436A203289644BE00E0C2C9 /* Resources */,
				8436A2022896448800E0C2C9 /* Sources */,
			);
			path = "queue-HW";
			sourceTree = "<group>";
		};
/* End PBXGroup section */

/* Begin PBXNativeTarget section */
		84E9051C28951E85004AEA1F /* queue-HW */ = {
			isa = PBXNativeTarget;
			buildConfigurationList = 84E9054728951E86004AEA1F /* Build configuration list for PBXNativeTarget "queue-HW" */;
			buildPhases = (
				84E9051928951E85004AEA1F /* Sources */,
				84E9051A28951E85004AEA1F /* Frameworks */,
				84E9051B28951E85004AEA1F /* Resources */,
			);
			buildRules = (
			);
			dependencies = (
			);
			name = "queue-HW";
			productName = "queue-HW";
			productReference = 84E9051D28951E85004AEA1F /* queue-HW.app */;
			productType = "com.apple.product-type.application";
		};
		84E9053228951E86004AEA1F /* queue-HWTests */ = {
			isa = PBXNativeTarget;
			buildConfigurationList = 84E9054A28951E86004AEA1F /* Build configuration list for PBXNativeTarget "queue-HWTests" */;
			buildPhases = (
				84E9052F28951E86004AEA1F /* Sources */,
				84E9053028951E86004AEA1F /* Frameworks */,
				84E9053128951E86004AEA1F /* Resources */,
			);
			buildRules = (
			);
			dependencies = (
				84E9053528951E86004AEA1F /* PBXTargetDependency */,
			);
			name = "queue-HWTests";
			productName = "queue-HWTests";
			productReference = 84E9053328951E86004AEA1F /* queue-HWTests.xctest */;
			productType = "com.apple.product-type.bundle.unit-test";
		};
		84E9053C28951E86004AEA1F /* queue-HWUITests */ = {
			isa = PBXNativeTarget;
			buildConfigurationList = 84E9054D28951E86004AEA1F /* Build configuration list for PBXNativeTarget "queue-HWUITests" */;
			buildPhases = (
				84E9053928951E86004AEA1F /* Sources */,
				84E9053A28951E86004AEA1F /* Frameworks */,
				84E9053B28951E86004AEA1F /* Resources */,
			);
			buildRules = (
			);
			dependencies = (
				84E9053F28951E86004AEA1F /* PBXTargetDependency */,
			);
			name = "queue-HWUITests";
			productName = "queue-HWUITests";
			productReference = 84E9053D28951E86004AEA1F /* queue-HWUITests.xctest */;
			productType = "com.apple.product-type.bundle.ui-testing";
		};
/* End PBXNativeTarget section */

/* Begin PBXProject section */
		84E9051528951E85004AEA1F /* Project object */ = {
			isa = PBXProject;
			attributes = {
				BuildIndependentTargetsInParallel = 1;
				LastSwiftUpdateCheck = 1340;
				LastUpgradeCheck = 1340;
				TargetAttributes = {
					84E9051C28951E85004AEA1F = {
						CreatedOnToolsVersion = 13.4.1;
					};
					84E9053228951E86004AEA1F = {
						CreatedOnToolsVersion = 13.4.1;
						TestTargetID = 84E9051C28951E85004AEA1F;
					};
					84E9053C28951E86004AEA1F = {
						CreatedOnToolsVersion = 13.4.1;
						TestTargetID = 84E9051C28951E85004AEA1F;
					};
				};
			};
			buildConfigurationList = 84E9051828951E85004AEA1F /* Build configuration list for PBXProject "queue-HW" */;
			compatibilityVersion = "Xcode 13.0";
			developmentRegion = en;
			hasScannedForEncodings = 0;
			knownRegions = (
				en,
				Base,
			);
			mainGroup = 84E9051428951E85004AEA1F;
			productRefGroup = 84E9051E28951E85004AEA1F /* Products */;
			projectDirPath = "";
			projectRoot = "";
			targets = (
				84E9051C28951E85004AEA1F /* queue-HW */,
				84E9053228951E86004AEA1F /* queue-HWTests */,
				84E9053C28951E86004AEA1F /* queue-HWUITests */,
			);
		};
/* End PBXProject section */

/* Begin PBXResourcesBuildPhase section */
		84E9051B28951E85004AEA1F /* Resources */ = {
			isa = PBXResourcesBuildPhase;
			buildActionMask = 2147483647;
			files = (
				84E9052D28951E86004AEA1F /* LaunchScreen.storyboard in Resources */,
				84E9052A28951E86004AEA1F /* Assets.xcassets in Resources */,
				84E9052828951E85004AEA1F /* Main.storyboard in Resources */,
			);
			runOnlyForDeploymentPostprocessing = 0;
		};
		84E9053128951E86004AEA1F /* Resources */ = {
			isa = PBXResourcesBuildPhase;
			buildActionMask = 2147483647;
			files = (
			);
			runOnlyForDeploymentPostprocessing = 0;
		};
		84E9053B28951E86004AEA1F /* Resources */ = {
			isa = PBXResourcesBuildPhase;
			buildActionMask = 2147483647;
			files = (
			);
			runOnlyForDeploymentPostprocessing = 0;
		};
/* End PBXResourcesBuildPhase section */

/* Begin PBXSourcesBuildPhase section */
		84E9051928951E85004AEA1F /* Sources */ = {
			isa = PBXSourcesBuildPhase;
			buildActionMask = 2147483647;
			files = (
				84E9052528951E85004AEA1F /* ViewController.swift in Sources */,
				8436A21128964AD100E0C2C9 /* String methods extension.swift in Sources */,
				84E9052128951E85004AEA1F /* AppDelegate.swift in Sources */,
				8436A20D28964A1D00E0C2C9 /* View Controller extension.swift in Sources */,
				84E9052328951E85004AEA1F /* SceneDelegate.swift in Sources */,
				8436A20F28964A7500E0C2C9 /* String extension.swift in Sources */,
			);
			runOnlyForDeploymentPostprocessing = 0;
		};
		84E9052F28951E86004AEA1F /* Sources */ = {
			isa = PBXSourcesBuildPhase;
			buildActionMask = 2147483647;
			files = (
			);
			runOnlyForDeploymentPostprocessing = 0;
		};
		84E9053928951E86004AEA1F /* Sources */ = {
			isa = PBXSourcesBuildPhase;
			buildActionMask = 2147483647;
			files = (
			);
			runOnlyForDeploymentPostprocessing = 0;
		};
/* End PBXSourcesBuildPhase section */

/* Begin PBXTargetDependency section */
		84E9053528951E86004AEA1F /* PBXTargetDependency */ = {
			isa = PBXTargetDependency;
			target = 84E9051C28951E85004AEA1F /* queue-HW */;
			targetProxy = 84E9053428951E86004AEA1F /* PBXContainerItemProxy */;
		};
		84E9053F28951E86004AEA1F /* PBXTargetDependency */ = {
			isa = PBXTargetDependency;
			target = 84E9051C28951E85004AEA1F /* queue-HW */;
			targetProxy = 84E9053E28951E86004AEA1F /* PBXContainerItemProxy */;
		};
/* End PBXTargetDependency section */

/* Begin PBXVariantGroup section */
		84E9052628951E85004AEA1F /* Main.storyboard */ = {
			isa = PBXVariantGroup;
			children = (
				84E9052728951E85004AEA1F /* Base */,
			);
			name = Main.storyboard;
			sourceTree = "<group>";
		};
		84E9052B28951E86004AEA1F /* LaunchScreen.storyboard */ = {
			isa = PBXVariantGroup;
			children = (
				84E9052C28951E86004AEA1F /* Base */,
			);
			name = LaunchScreen.storyboard;
			sourceTree = "<group>";
		};
/* End PBXVariantGroup section */

/* Begin XCBuildConfiguration section */
		84E9054528951E86004AEA1F /* Debug */ = {
			isa = XCBuildConfiguration;
			buildSettings = {
				ALWAYS_SEARCH_USER_PATHS = NO;
				CLANG_ANALYZER_NONNULL = YES;
				CLANG_ANALYZER_NUMBER_OBJECT_CONVERSION = YES_AGGRESSIVE;
				CLANG_CXX_LANGUAGE_STANDARD = "gnu++17";
				CLANG_ENABLE_MODULES = YES;
				CLANG_ENABLE_OBJC_ARC = YES;
				CLANG_ENABLE_OBJC_WEAK = YES;
				CLANG_WARN_BLOCK_CAPTURE_AUTORELEASING = YES;
				CLANG_WARN_BOOL_CONVERSION = YES;
				CLANG_WARN_COMMA = YES;
				CLANG_WARN_CONSTANT_CONVERSION = YES;
				CLANG_WARN_DEPRECATED_OBJC_IMPLEMENTATIONS = YES;
				CLANG_WARN_DIRECT_OBJC_ISA_USAGE = YES_ERROR;
				CLANG_WARN_DOCUMENTATION_COMMENTS = YES;
				CLANG_WARN_EMPTY_BODY = YES;
				CLANG_WARN_ENUM_CONVERSION = YES;
				CLANG_WARN_INFINITE_RECURSION = YES;
				CLANG_WARN_INT_CONVERSION = YES;
				CLANG_WARN_NON_LITERAL_NULL_CONVERSION = YES;
				CLANG_WARN_OBJC_IMPLICIT_RETAIN_SELF = YES;
				CLANG_WARN_OBJC_LITERAL_CONVERSION = YES;
				CLANG_WARN_OBJC_ROOT_CLASS = YES_ERROR;
				CLANG_WARN_QUOTED_INCLUDE_IN_FRAMEWORK_HEADER = YES;
				CLANG_WARN_RANGE_LOOP_ANALYSIS = YES;
				CLANG_WARN_STRICT_PROTOTYPES = YES;
				CLANG_WARN_SUSPICIOUS_MOVE = YES;
				CLANG_WARN_UNGUARDED_AVAILABILITY = YES_AGGRESSIVE;
				CLANG_WARN_UNREACHABLE_CODE = YES;
				CLANG_WARN__DUPLICATE_METHOD_MATCH = YES;
				COPY_PHASE_STRIP = NO;
				DEBUG_INFORMATION_FORMAT = dwarf;
				ENABLE_STRICT_OBJC_MSGSEND = YES;
				ENABLE_TESTABILITY = YES;
				GCC_C_LANGUAGE_STANDARD = gnu11;
				GCC_DYNAMIC_NO_PIC = NO;
				GCC_NO_COMMON_BLOCKS = YES;
				GCC_OPTIMIZATION_LEVEL = 0;
				GCC_PREPROCESSOR_DEFINITIONS = (
					"DEBUG=1",
					"$(inherited)",
				);
				GCC_WARN_64_TO_32_BIT_CONVERSION = YES;
				GCC_WARN_ABOUT_RETURN_TYPE = YES_ERROR;
				GCC_WARN_UNDECLARED_SELECTOR = YES;
				GCC_WARN_UNINITIALIZED_AUTOS = YES_AGGRESSIVE;
				GCC_WARN_UNUSED_FUNCTION = YES;
				GCC_WARN_UNUSED_VARIABLE = YES;
				IPHONEOS_DEPLOYMENT_TARGET = 15.5;
				MTL_ENABLE_DEBUG_INFO = INCLUDE_SOURCE;
				MTL_FAST_MATH = YES;
				ONLY_ACTIVE_ARCH = YES;
				SDKROOT = iphoneos;
				SWIFT_ACTIVE_COMPILATION_CONDITIONS = DEBUG;
				SWIFT_OPTIMIZATION_LEVEL = "-Onone";
			};
			name = Debug;
		};
		84E9054628951E86004AEA1F /* Release */ = {
			isa = XCBuildConfiguration;
			buildSettings = {
				ALWAYS_SEARCH_USER_PATHS = NO;
				CLANG_ANALYZER_NONNULL = YES;
				CLANG_ANALYZER_NUMBER_OBJECT_CONVERSION = YES_AGGRESSIVE;
				CLANG_CXX_LANGUAGE_STANDARD = "gnu++17";
				CLANG_ENABLE_MODULES = YES;
				CLANG_ENABLE_OBJC_ARC = YES;
				CLANG_ENABLE_OBJC_WEAK = YES;
				CLANG_WARN_BLOCK_CAPTURE_AUTORELEASING = YES;
				CLANG_WARN_BOOL_CONVERSION = YES;
				CLANG_WARN_COMMA = YES;
				CLANG_WARN_CONSTANT_CONVERSION = YES;
				CLANG_WARN_DEPRECATED_OBJC_IMPLEMENTATIONS = YES;
				CLANG_WARN_DIRECT_OBJC_ISA_USAGE = YES_ERROR;
				CLANG_WARN_DOCUMENTATION_COMMENTS = YES;
				CLANG_WARN_EMPTY_BODY = YES;
				CLANG_WARN_ENUM_CONVERSION = YES;
				CLANG_WARN_INFINITE_RECURSION = YES;
				CLANG_WARN_INT_CONVERSION = YES;
				CLANG_WARN_NON_LITERAL_NULL_CONVERSION = YES;
				CLANG_WARN_OBJC_IMPLICIT_RETAIN_SELF = YES;
				CLANG_WARN_OBJC_LITERAL_CONVERSION = YES;
				CLANG_WARN_OBJC_ROOT_CLASS = YES_ERROR;
				CLANG_WARN_QUOTED_INCLUDE_IN_FRAMEWORK_HEADER = YES;
				CLANG_WARN_RANGE_LOOP_ANALYSIS = YES;
				CLANG_WARN_STRICT_PROTOTYPES = YES;
				CLANG_WARN_SUSPICIOUS_MOVE = YES;
				CLANG_WARN_UNGUARDED_AVAILABILITY = YES_AGGRESSIVE;
				CLANG_WARN_UNREACHABLE_CODE = YES;
				CLANG_WARN__DUPLICATE_METHOD_MATCH = YES;
				COPY_PHASE_STRIP = NO;
				DEBUG_INFORMATION_FORMAT = "dwarf-with-dsym";
				ENABLE_NS_ASSERTIONS = NO;
				ENABLE_STRICT_OBJC_MSGSEND = YES;
				GCC_C_LANGUAGE_STANDARD = gnu11;
				GCC_NO_COMMON_BLOCKS = YES;
				GCC_WARN_64_TO_32_BIT_CONVERSION = YES;
				GCC_WARN_ABOUT_RETURN_TYPE = YES_ERROR;
				GCC_WARN_UNDECLARED_SELECTOR = YES;
				GCC_WARN_UNINITIALIZED_AUTOS = YES_AGGRESSIVE;
				GCC_WARN_UNUSED_FUNCTION = YES;
				GCC_WARN_UNUSED_VARIABLE = YES;
				IPHONEOS_DEPLOYMENT_TARGET = 15.5;
				MTL_ENABLE_DEBUG_INFO = NO;
				MTL_FAST_MATH = YES;
				SDKROOT = iphoneos;
				SWIFT_COMPILATION_MODE = wholemodule;
				SWIFT_OPTIMIZATION_LEVEL = "-O";
				VALIDATE_PRODUCT = YES;
			};
			name = Release;
		};
		84E9054828951E86004AEA1F /* Debug */ = {
			isa = XCBuildConfiguration;
			buildSettings = {
				ASSETCATALOG_COMPILER_APPICON_NAME = AppIcon;
				ASSETCATALOG_COMPILER_GLOBAL_ACCENT_COLOR_NAME = AccentColor;
				CODE_SIGN_STYLE = Automatic;
				CURRENT_PROJECT_VERSION = 1;
				GENERATE_INFOPLIST_FILE = YES;
				INFOPLIST_FILE = "queue-HW/Resources/Info.plist";
				INFOPLIST_KEY_UIApplicationSupportsIndirectInputEvents = YES;
				INFOPLIST_KEY_UILaunchStoryboardName = LaunchScreen;
				INFOPLIST_KEY_UIMainStoryboardFile = Main;
				INFOPLIST_KEY_UISupportedInterfaceOrientations_iPad = "UIInterfaceOrientationPortrait UIInterfaceOrientationPortraitUpsideDown UIInterfaceOrientationLandscapeLeft UIInterfaceOrientationLandscapeRight";
				INFOPLIST_KEY_UISupportedInterfaceOrientations_iPhone = "UIInterfaceOrientationPortrait UIInterfaceOrientationLandscapeLeft UIInterfaceOrientationLandscapeRight";
				LD_RUNPATH_SEARCH_PATHS = (
					"$(inherited)",
					"@executable_path/Frameworks",
				);
				MARKETING_VERSION = 1.0;
				PRODUCT_BUNDLE_IDENTIFIER = "hms-kkm.queue-HW";
				PRODUCT_NAME = "$(TARGET_NAME)";
				SWIFT_EMIT_LOC_STRINGS = YES;
				SWIFT_VERSION = 5.0;
				TARGETED_DEVICE_FAMILY = "1,2";
			};
			name = Debug;
		};
		84E9054928951E86004AEA1F /* Release */ = {
			isa = XCBuildConfiguration;
			buildSettings = {
				ASSETCATALOG_COMPILER_APPICON_NAME = AppIcon;
				ASSETCATALOG_COMPILER_GLOBAL_ACCENT_COLOR_NAME = AccentColor;
				CODE_SIGN_STYLE = Automatic;
				CURRENT_PROJECT_VERSION = 1;
				GENERATE_INFOPLIST_FILE = YES;
				INFOPLIST_FILE = "queue-HW/Resources/Info.plist";
				INFOPLIST_KEY_UIApplicationSupportsIndirectInputEvents = YES;
				INFOPLIST_KEY_UILaunchStoryboardName = LaunchScreen;
				INFOPLIST_KEY_UIMainStoryboardFile = Main;
				INFOPLIST_KEY_UISupportedInterfaceOrientations_iPad = "UIInterfaceOrientationPortrait UIInterfaceOrientationPortraitUpsideDown UIInterfaceOrientationLandscapeLeft UIInterfaceOrientationLandscapeRight";
				INFOPLIST_KEY_UISupportedInterfaceOrientations_iPhone = "UIInterfaceOrientationPortrait UIInterfaceOrientationLandscapeLeft UIInterfaceOrientationLandscapeRight";
				LD_RUNPATH_SEARCH_PATHS = (
					"$(inherited)",
					"@executable_path/Frameworks",
				);
				MARKETING_VERSION = 1.0;
				PRODUCT_BUNDLE_IDENTIFIER = "hms-kkm.queue-HW";
				PRODUCT_NAME = "$(TARGET_NAME)";
				SWIFT_EMIT_LOC_STRINGS = YES;
				SWIFT_VERSION = 5.0;
				TARGETED_DEVICE_FAMILY = "1,2";
			};
			name = Release;
		};
		84E9054B28951E86004AEA1F /* Debug */ = {
			isa = XCBuildConfiguration;
			buildSettings = {
				ALWAYS_EMBED_SWIFT_STANDARD_LIBRARIES = YES;
				BUNDLE_LOADER = "$(TEST_HOST)";
				CODE_SIGN_STYLE = Automatic;
				CURRENT_PROJECT_VERSION = 1;
				GENERATE_INFOPLIST_FILE = YES;
				IPHONEOS_DEPLOYMENT_TARGET = 15.5;
				MARKETING_VERSION = 1.0;
				PRODUCT_BUNDLE_IDENTIFIER = "hms-kkm.queue-HWTests";
				PRODUCT_NAME = "$(TARGET_NAME)";
				SWIFT_EMIT_LOC_STRINGS = NO;
				SWIFT_VERSION = 5.0;
				TARGETED_DEVICE_FAMILY = "1,2";
				TEST_HOST = "$(BUILT_PRODUCTS_DIR)/queue-HW.app/queue-HW";
			};
			name = Debug;
		};
		84E9054C28951E86004AEA1F /* Release */ = {
			isa = XCBuildConfiguration;
			buildSettings = {
				ALWAYS_EMBED_SWIFT_STANDARD_LIBRARIES = YES;
				BUNDLE_LOADER = "$(TEST_HOST)";
				CODE_SIGN_STYLE = Automatic;
				CURRENT_PROJECT_VERSION = 1;
				GENERATE_INFOPLIST_FILE = YES;
				IPHONEOS_DEPLOYMENT_TARGET = 15.5;
				MARKETING_VERSION = 1.0;
				PRODUCT_BUNDLE_IDENTIFIER = "hms-kkm.queue-HWTests";
				PRODUCT_NAME = "$(TARGET_NAME)";
				SWIFT_EMIT_LOC_STRINGS = NO;
				SWIFT_VERSION = 5.0;
				TARGETED_DEVICE_FAMILY = "1,2";
				TEST_HOST = "$(BUILT_PRODUCTS_DIR)/queue-HW.app/queue-HW";
			};
			name = Release;
		};
		84E9054E28951E86004AEA1F /* Debug */ = {
			isa = XCBuildConfiguration;
			buildSettings = {
				ALWAYS_EMBED_SWIFT_STANDARD_LIBRARIES = YES;
				CODE_SIGN_STYLE = Automatic;
				CURRENT_PROJECT_VERSION = 1;
				GENERATE_INFOPLIST_FILE = YES;
				MARKETING_VERSION = 1.0;
				PRODUCT_BUNDLE_IDENTIFIER = "hms-kkm.queue-HWUITests";
				PRODUCT_NAME = "$(TARGET_NAME)";
				SWIFT_EMIT_LOC_STRINGS = NO;
				SWIFT_VERSION = 5.0;
				TARGETED_DEVICE_FAMILY = "1,2";
				TEST_TARGET_NAME = "queue-HW";
			};
			name = Debug;
		};
		84E9054F28951E86004AEA1F /* Release */ = {
			isa = XCBuildConfiguration;
			buildSettings = {
				ALWAYS_EMBED_SWIFT_STANDARD_LIBRARIES = YES;
				CODE_SIGN_STYLE = Automatic;
				CURRENT_PROJECT_VERSION = 1;
				GENERATE_INFOPLIST_FILE = YES;
				MARKETING_VERSION = 1.0;
				PRODUCT_BUNDLE_IDENTIFIER = "hms-kkm.queue-HWUITests";
				PRODUCT_NAME = "$(TARGET_NAME)";
				SWIFT_EMIT_LOC_STRINGS = NO;
				SWIFT_VERSION = 5.0;
				TARGETED_DEVICE_FAMILY = "1,2";
				TEST_TARGET_NAME = "queue-HW";
			};
			name = Release;
		};
/* End XCBuildConfiguration section */

/* Begin XCConfigurationList section */
		84E9051828951E85004AEA1F /* Build configuration list for PBXProject "queue-HW" */ = {
			isa = XCConfigurationList;
			buildConfigurations = (
				84E9054528951E86004AEA1F /* Debug */,
				84E9054628951E86004AEA1F /* Release */,
			);
			defaultConfigurationIsVisible = 0;
			defaultConfigurationName = Release;
		};
		84E9054728951E86004AEA1F /* Build configuration list for PBXNativeTarget "queue-HW" */ = {
			isa = XCConfigurationList;
			buildConfigurations = (
				84E9054828951E86004AEA1F /* Debug */,
				84E9054928951E86004AEA1F /* Release */,
			);
			defaultConfigurationIsVisible = 0;
			defaultConfigurationName = Release;
		};
		84E9054A28951E86004AEA1F /* Build configuration list for PBXNativeTarget "queue-HWTests" */ = {
			isa = XCConfigurationList;
			buildConfigurations = (
				84E9054B28951E86004AEA1F /* Debug */,
				84E9054C28951E86004AEA1F /* Release */,
			);
			defaultConfigurationIsVisible = 0;
			defaultConfigurationName = Release;
		};
		84E9054D28951E86004AEA1F /* Build configuration list for PBXNativeTarget "queue-HWUITests" */ = {
			isa = XCConfigurationList;
			buildConfigurations = (
				84E9054E28951E86004AEA1F /* Debug */,
				84E9054F28951E86004AEA1F /* Release */,
			);
			defaultConfigurationIsVisible = 0;
			defaultConfigurationName = Release;
		};
/* End XCConfigurationList section */
	};
	rootObject = 84E9051528951E85004AEA1F /* Project object */;
}
